
Microsoft Visual Studio Solution File, Format Version 12.00
# Visual Studio 2013
VisualStudioVersion = 12.0.31101.0
MinimumVisualStudioVersion = 10.0.40219.1
Project("{FAE04EC0-301F-11D3-BF4B-00C04F79EFBC}") = "IGeoliseWebApplication", "IGeoliseWebApplication\IGeoliseWebApplication.csproj", "{437B665F-3BEF-4F24-8C33-656A5C6F0758}"
EndProject
Project("{FAE04EC0-301F-11D3-BF4B-00C04F79EFBC}") = "ApplicationServices", "ApplicationServices\ApplicationServices.csproj", "{60676CD4-1C5F-4600-9982-3F87083571EF}"
EndProject
Project("{FAE04EC0-301F-11D3-BF4B-00C04F79EFBC}") = "ApplicationServices.Tests", "ApplicationServices.Tests\ApplicationServices.Tests.csproj", "{8D94D5DE-93ED-401F-8193-61A8C2DA9230}"
EndProject
Global
	GlobalSection(SolutionConfigurationPlatforms) = preSolution
		Debug|Any CPU = Debug|Any CPU
		Release|Any CPU = Release|Any CPU
	EndGlobalSection
	GlobalSection(ProjectConfigurationPlatforms) = postSolution
		{437B665F-3BEF-4F24-8C33-656A5C6F0758}.Debug|Any CPU.ActiveCfg = Debug|Any CPU
		{437B665F-3BEF-4F24-8C33-656A5C6F0758}.Debug|Any CPU.Build.0 = Debug|Any CPU
		{437B665F-3BEF-4F24-8C33-656A5C6F0758}.Release|Any CPU.ActiveCfg = Release|Any CPU
		{437B665F-3BEF-4F24-8C33-656A5C6F0758}.Release|Any CPU.Build.0 = Release|Any CPU
		{60676CD4-1C5F-4600-9982-3F87083571EF}.Debug|Any CPU.ActiveCfg = Debug|Any CPU
		{60676CD4-1C5F-4600-9982-3F87083571EF}.Debug|Any CPU.Build.0 = Debug|Any CPU
		{60676CD4-1C5F-4600-9982-3F87083571EF}.Release|Any CPU.ActiveCfg = Release|Any CPU
		{60676CD4-1C5F-4600-9982-3F87083571EF}.Release|Any CPU.Build.0 = Release|Any CPU
		{8D94D5DE-93ED-401F-8193-61A8C2DA9230}.Debug|Any CPU.ActiveCfg = Debug|Any CPU
		{8D94D5DE-93ED-401F-8193-61A8C2DA9230}.Debug|Any CPU.Build.0 = Debug|Any CPU
		{8D94D5DE-93ED-401F-8193-61A8C2DA9230}.Release|Any CPU.ActiveCfg = Release|Any CPU
		{8D94D5DE-93ED-401F-8193-61A8C2DA9230}.Release|Any CPU.Build.0 = Release|Any CPU
	EndGlobalSection
	GlobalSection(SolutionProperties) = preSolution
		HideSolutionNode = FALSE
	EndGlobalSection
EndGlobal
